// !$*UTF8*$!
{
	archiveVersion = 1;
	classes = {
	};
	objectVersion = 46;
	objects = {

/* Begin PBXBuildFile section */
		1B0C7E971C4321F400E6F2D8 /* main.m in Sources */ = {isa = PBXBuildFile; fileRef = 1B0C7E961C4321F400E6F2D8 /* main.m */; };
		1B0C7E9A1C4321F400E6F2D8 /* AppDelegate.m in Sources */ = {isa = PBXBuildFile; fileRef = 1B0C7E991C4321F400E6F2D8 /* AppDelegate.m */; };
		1B0C7E9D1C4321F400E6F2D8 /* MasterViewController.m in Sources */ = {isa = PBXBuildFile; fileRef = 1B0C7E9C1C4321F400E6F2D8 /* MasterViewController.m */; };
		1B0C7EA01C4321F400E6F2D8 /* DetailViewController.m in Sources */ = {isa = PBXBuildFile; fileRef = 1B0C7E9F1C4321F400E6F2D8 /* DetailViewController.m */; };
		1B0C7EA31C4321F400E6F2D8 /* Main.storyboard in Resources */ = {isa = PBXBuildFile; fileRef = 1B0C7EA11C4321F400E6F2D8 /* Main.storyboard */; };
		1B0C7EA51C4321F400E6F2D8 /* Assets.xcassets in Resources */ = {isa = PBXBuildFile; fileRef = 1B0C7EA41C4321F400E6F2D8 /* Assets.xcassets */; };
		1B0C7EA81C4321F400E6F2D8 /* LaunchScreen.storyboard in Resources */ = {isa = PBXBuildFile; fileRef = 1B0C7EA61C4321F400E6F2D8 /* LaunchScreen.storyboard */; };
		1B0C7EB31C4321F400E6F2D8 /* homie_iosTests.m in Sources */ = {isa = PBXBuildFile; fileRef = 1B0C7EB21C4321F400E6F2D8 /* homie_iosTests.m */; };
		1B0C7EBE1C4321F400E6F2D8 /* homie_iosUITests.m in Sources */ = {isa = PBXBuildFile; fileRef = 1B0C7EBD1C4321F400E6F2D8 /* homie_iosUITests.m */; };
		1B0C7ED01C4327A200E6F2D8 /* BeaconManager.m in Sources */ = {isa = PBXBuildFile; fileRef = 1B0C7ECF1C4327A200E6F2D8 /* BeaconManager.m */; };
		2267C3C98A09331AA682E452 /* libPods.a in Frameworks */ = {isa = PBXBuildFile; fileRef = E6E29EA319294459C865B4DD /* libPods.a */; };
/* End PBXBuildFile section */

/* Begin PBXContainerItemProxy section */
		1B0C7EAF1C4321F400E6F2D8 /* PBXContainerItemProxy */ = {
			isa = PBXContainerItemProxy;
			containerPortal = 1B0C7E8A1C4321F400E6F2D8 /* Project object */;
			proxyType = 1;
			remoteGlobalIDString = 1B0C7E911C4321F400E6F2D8;
			remoteInfo = "homie-ios";
		};
		1B0C7EBA1C4321F400E6F2D8 /* PBXContainerItemProxy */ = {
			isa = PBXContainerItemProxy;
			containerPortal = 1B0C7E8A1C4321F400E6F2D8 /* Project object */;
			proxyType = 1;
			remoteGlobalIDString = 1B0C7E911C4321F400E6F2D8;
			remoteInfo = "homie-ios";
		};
/* End PBXContainerItemProxy section */

/* Begin PBXFileReference section */
		134994230500856234578595 /* Pods.release.xcconfig */ = {isa = PBXFileReference; includeInIndex = 1; lastKnownFileType = text.xcconfig; name = Pods.release.xcconfig; path = "Pods/Target Support Files/Pods/Pods.release.xcconfig"; sourceTree = "<group>"; };
		1B0C7E921C4321F400E6F2D8 /* homie-ios.app */ = {isa = PBXFileReference; explicitFileType = wrapper.application; includeInIndex = 0; path = "homie-ios.app"; sourceTree = BUILT_PRODUCTS_DIR; };
		1B0C7E961C4321F400E6F2D8 /* main.m */ = {isa = PBXFileReference; lastKnownFileType = sourcecode.c.objc; path = main.m; sourceTree = "<group>"; };
		1B0C7E981C4321F400E6F2D8 /* AppDelegate.h */ = {isa = PBXFileReference; lastKnownFileType = sourcecode.c.h; path = AppDelegate.h; sourceTree = "<group>"; };
		1B0C7E991C4321F400E6F2D8 /* AppDelegate.m */ = {isa = PBXFileReference; lastKnownFileType = sourcecode.c.objc; path = AppDelegate.m; sourceTree = "<group>"; };
		1B0C7E9B1C4321F400E6F2D8 /* MasterViewController.h */ = {isa = PBXFileReference; lastKnownFileType = sourcecode.c.h; path = MasterViewController.h; sourceTree = "<group>"; };
		1B0C7E9C1C4321F400E6F2D8 /* MasterViewController.m */ = {isa = PBXFileReference; lastKnownFileType = sourcecode.c.objc; path = MasterViewController.m; sourceTree = "<group>"; };
		1B0C7E9E1C4321F400E6F2D8 /* DetailViewController.h */ = {isa = PBXFileReference; lastKnownFileType = sourcecode.c.h; path = DetailViewController.h; sourceTree = "<group>"; };
		1B0C7E9F1C4321F400E6F2D8 /* DetailViewController.m */ = {isa = PBXFileReference; lastKnownFileType = sourcecode.c.objc; path = DetailViewController.m; sourceTree = "<group>"; };
		1B0C7EA21C4321F400E6F2D8 /* Base */ = {isa = PBXFileReference; lastKnownFileType = file.storyboard; name = Base; path = Base.lproj/Main.storyboard; sourceTree = "<group>"; };
		1B0C7EA41C4321F400E6F2D8 /* Assets.xcassets */ = {isa = PBXFileReference; lastKnownFileType = folder.assetcatalog; path = Assets.xcassets; sourceTree = "<group>"; };
		1B0C7EA71C4321F400E6F2D8 /* Base */ = {isa = PBXFileReference; lastKnownFileType = file.storyboard; name = Base; path = Base.lproj/LaunchScreen.storyboard; sourceTree = "<group>"; };
		1B0C7EA91C4321F400E6F2D8 /* Info.plist */ = {isa = PBXFileReference; lastKnownFileType = text.plist.xml; path = Info.plist; sourceTree = "<group>"; };
		1B0C7EAE1C4321F400E6F2D8 /* homie-iosTests.xctest */ = {isa = PBXFileReference; explicitFileType = wrapper.cfbundle; includeInIndex = 0; path = "homie-iosTests.xctest"; sourceTree = BUILT_PRODUCTS_DIR; };
		1B0C7EB21C4321F400E6F2D8 /* homie_iosTests.m */ = {isa = PBXFileReference; lastKnownFileType = sourcecode.c.objc; path = homie_iosTests.m; sourceTree = "<group>"; };
		1B0C7EB41C4321F400E6F2D8 /* Info.plist */ = {isa = PBXFileReference; lastKnownFileType = text.plist.xml; path = Info.plist; sourceTree = "<group>"; };
		1B0C7EB91C4321F400E6F2D8 /* homie-iosUITests.xctest */ = {isa = PBXFileReference; explicitFileType = wrapper.cfbundle; includeInIndex = 0; path = "homie-iosUITests.xctest"; sourceTree = BUILT_PRODUCTS_DIR; };
		1B0C7EBD1C4321F400E6F2D8 /* homie_iosUITests.m */ = {isa = PBXFileReference; lastKnownFileType = sourcecode.c.objc; path = homie_iosUITests.m; sourceTree = "<group>"; };
		1B0C7EBF1C4321F400E6F2D8 /* Info.plist */ = {isa = PBXFileReference; lastKnownFileType = text.plist.xml; path = Info.plist; sourceTree = "<group>"; };
		1B0C7ECE1C4327A200E6F2D8 /* BeaconManager.h */ = {isa = PBXFileReference; fileEncoding = 4; lastKnownFileType = sourcecode.c.h; path = BeaconManager.h; sourceTree = "<group>"; };
		1B0C7ECF1C4327A200E6F2D8 /* BeaconManager.m */ = {isa = PBXFileReference; fileEncoding = 4; lastKnownFileType = sourcecode.c.objc; path = BeaconManager.m; sourceTree = "<group>"; };
		447DD3F52BD7FA5F0DCF7E49 /* Pods.debug.xcconfig */ = {isa = PBXFileReference; includeInIndex = 1; lastKnownFileType = text.xcconfig; name = Pods.debug.xcconfig; path = "Pods/Target Support Files/Pods/Pods.debug.xcconfig"; sourceTree = "<group>"; };
		E6E29EA319294459C865B4DD /* libPods.a */ = {isa = PBXFileReference; explicitFileType = archive.ar; includeInIndex = 0; path = libPods.a; sourceTree = BUILT_PRODUCTS_DIR; };
/* End PBXFileReference section */

/* Begin PBXFrameworksBuildPhase section */
		1B0C7E8F1C4321F400E6F2D8 /* Frameworks */ = {
			isa = PBXFrameworksBuildPhase;
			buildActionMask = 2147483647;
			files = (
				2267C3C98A09331AA682E452 /* libPods.a in Frameworks */,
			);
			runOnlyForDeploymentPostprocessing = 0;
		};
		1B0C7EAB1C4321F400E6F2D8 /* Frameworks */ = {
			isa = PBXFrameworksBuildPhase;
			buildActionMask = 2147483647;
			files = (
			);
			runOnlyForDeploymentPostprocessing = 0;
		};
		1B0C7EB61C4321F400E6F2D8 /* Frameworks */ = {
			isa = PBXFrameworksBuildPhase;
			buildActionMask = 2147483647;
			files = (
			);
			runOnlyForDeploymentPostprocessing = 0;
		};
/* End PBXFrameworksBuildPhase section */

/* Begin PBXGroup section */
		1B0C7E891C4321F400E6F2D8 = {
			isa = PBXGroup;
			children = (
				1B0C7E941C4321F400E6F2D8 /* homie-ios */,
				1B0C7EB11C4321F400E6F2D8 /* homie-iosTests */,
				1B0C7EBC1C4321F400E6F2D8 /* homie-iosUITests */,
				1B0C7E931C4321F400E6F2D8 /* Products */,
				3389419BD07999A45C370C6A /* Pods */,
				223FC6E647981538CA423959 /* Frameworks */,
			);
			sourceTree = "<group>";
		};
		1B0C7E931C4321F400E6F2D8 /* Products */ = {
			isa = PBXGroup;
			children = (
				1B0C7E921C4321F400E6F2D8 /* homie-ios.app */,
				1B0C7EAE1C4321F400E6F2D8 /* homie-iosTests.xctest */,
				1B0C7EB91C4321F400E6F2D8 /* homie-iosUITests.xctest */,
			);
			name = Products;
			sourceTree = "<group>";
		};
		1B0C7E941C4321F400E6F2D8 /* homie-ios */ = {
			isa = PBXGroup;
			children = (
				1B0C7E981C4321F400E6F2D8 /* AppDelegate.h */,
				1B0C7E991C4321F400E6F2D8 /* AppDelegate.m */,
				1B0C7ECE1C4327A200E6F2D8 /* BeaconManager.h */,
				1B0C7ECF1C4327A200E6F2D8 /* BeaconManager.m */,
				1B0C7E9B1C4321F400E6F2D8 /* MasterViewController.h */,
				1B0C7E9C1C4321F400E6F2D8 /* MasterViewController.m */,
				1B0C7E9E1C4321F400E6F2D8 /* DetailViewController.h */,
				1B0C7E9F1C4321F400E6F2D8 /* DetailViewController.m */,
				1B0C7EA11C4321F400E6F2D8 /* Main.storyboard */,
				1B0C7EA41C4321F400E6F2D8 /* Assets.xcassets */,
				1B0C7EA61C4321F400E6F2D8 /* LaunchScreen.storyboard */,
				1B0C7EA91C4321F400E6F2D8 /* Info.plist */,
				1B0C7E951C4321F400E6F2D8 /* Supporting Files */,
			);
			path = "homie-ios";
			sourceTree = "<group>";
		};
		1B0C7E951C4321F400E6F2D8 /* Supporting Files */ = {
			isa = PBXGroup;
			children = (
				1B0C7E961C4321F400E6F2D8 /* main.m */,
			);
			name = "Supporting Files";
			sourceTree = "<group>";
		};
		1B0C7EB11C4321F400E6F2D8 /* homie-iosTests */ = {
			isa = PBXGroup;
			children = (
				1B0C7EB21C4321F400E6F2D8 /* homie_iosTests.m */,
				1B0C7EB41C4321F400E6F2D8 /* Info.plist */,
			);
			path = "homie-iosTests";
			sourceTree = "<group>";
		};
		1B0C7EBC1C4321F400E6F2D8 /* homie-iosUITests */ = {
			isa = PBXGroup;
			children = (
				1B0C7EBD1C4321F400E6F2D8 /* homie_iosUITests.m */,
				1B0C7EBF1C4321F400E6F2D8 /* Info.plist */,
			);
			path = "homie-iosUITests";
			sourceTree = "<group>";
		};
		223FC6E647981538CA423959 /* Frameworks */ = {
			isa = PBXGroup;
			children = (
				E6E29EA319294459C865B4DD /* libPods.a */,
			);
			name = Frameworks;
			sourceTree = "<group>";
		};
		3389419BD07999A45C370C6A /* Pods */ = {
			isa = PBXGroup;
			children = (
				447DD3F52BD7FA5F0DCF7E49 /* Pods.debug.xcconfig */,
				134994230500856234578595 /* Pods.release.xcconfig */,
			);
			name = Pods;
			sourceTree = "<group>";
		};
/* End PBXGroup section */

/* Begin PBXNativeTarget section */
		1B0C7E911C4321F400E6F2D8 /* homie-ios */ = {
			isa = PBXNativeTarget;
			buildConfigurationList = 1B0C7EC21C4321F400E6F2D8 /* Build configuration list for PBXNativeTarget "homie-ios" */;
			buildPhases = (
				11A0A6DA6F2EBCE0996949CD /* Check Pods Manifest.lock */,
				1B0C7E8E1C4321F400E6F2D8 /* Sources */,
				1B0C7E8F1C4321F400E6F2D8 /* Frameworks */,
				1B0C7E901C4321F400E6F2D8 /* Resources */,
				7B3020EBD689B08FE1C5F78D /* Embed Pods Frameworks */,
				C7AB5F7AC7EBC7CAAA8E83C5 /* Copy Pods Resources */,
			);
			buildRules = (
			);
			dependencies = (
			);
			name = "homie-ios";
			productName = "homie-ios";
			productReference = 1B0C7E921C4321F400E6F2D8 /* homie-ios.app */;
			productType = "com.apple.product-type.application";
		};
		1B0C7EAD1C4321F400E6F2D8 /* homie-iosTests */ = {
			isa = PBXNativeTarget;
			buildConfigurationList = 1B0C7EC51C4321F400E6F2D8 /* Build configuration list for PBXNativeTarget "homie-iosTests" */;
			buildPhases = (
				1B0C7EAA1C4321F400E6F2D8 /* Sources */,
				1B0C7EAB1C4321F400E6F2D8 /* Frameworks */,
				1B0C7EAC1C4321F400E6F2D8 /* Resources */,
			);
			buildRules = (
			);
			dependencies = (
				1B0C7EB01C4321F400E6F2D8 /* PBXTargetDependency */,
			);
			name = "homie-iosTests";
			productName = "homie-iosTests";
			productReference = 1B0C7EAE1C4321F400E6F2D8 /* homie-iosTests.xctest */;
			productType = "com.apple.product-type.bundle.unit-test";
		};
		1B0C7EB81C4321F400E6F2D8 /* homie-iosUITests */ = {
			isa = PBXNativeTarget;
			buildConfigurationList = 1B0C7EC81C4321F400E6F2D8 /* Build configuration list for PBXNativeTarget "homie-iosUITests" */;
			buildPhases = (
				1B0C7EB51C4321F400E6F2D8 /* Sources */,
				1B0C7EB61C4321F400E6F2D8 /* Frameworks */,
				1B0C7EB71C4321F400E6F2D8 /* Resources */,
			);
			buildRules = (
			);
			dependencies = (
				1B0C7EBB1C4321F400E6F2D8 /* PBXTargetDependency */,
			);
			name = "homie-iosUITests";
			productName = "homie-iosUITests";
			productReference = 1B0C7EB91C4321F400E6F2D8 /* homie-iosUITests.xctest */;
			productType = "com.apple.product-type.bundle.ui-testing";
		};
/* End PBXNativeTarget section */

/* Begin PBXProject section */
		1B0C7E8A1C4321F400E6F2D8 /* Project object */ = {
			isa = PBXProject;
			attributes = {
				LastUpgradeCheck = 0720;
				ORGANIZATIONNAME = dtl;
				TargetAttributes = {
					1B0C7E911C4321F400E6F2D8 = {
						CreatedOnToolsVersion = 7.2;
						DevelopmentTeam = ZWVRPY96D6;
					};
					1B0C7EAD1C4321F400E6F2D8 = {
						CreatedOnToolsVersion = 7.2;
						TestTargetID = 1B0C7E911C4321F400E6F2D8;
					};
					1B0C7EB81C4321F400E6F2D8 = {
						CreatedOnToolsVersion = 7.2;
						TestTargetID = 1B0C7E911C4321F400E6F2D8;
					};
				};
			};
			buildConfigurationList = 1B0C7E8D1C4321F400E6F2D8 /* Build configuration list for PBXProject "homie-ios" */;
			compatibilityVersion = "Xcode 3.2";
			developmentRegion = English;
			hasScannedForEncodings = 0;
			knownRegions = (
				en,
				Base,
			);
			mainGroup = 1B0C7E891C4321F400E6F2D8;
			productRefGroup = 1B0C7E931C4321F400E6F2D8 /* Products */;
			projectDirPath = "";
			projectRoot = "";
			targets = (
				1B0C7E911C4321F400E6F2D8 /* homie-ios */,
				1B0C7EAD1C4321F400E6F2D8 /* homie-iosTests */,
				1B0C7EB81C4321F400E6F2D8 /* homie-iosUITests */,
			);
		};
/* End PBXProject section */

/* Begin PBXResourcesBuildPhase section */
		1B0C7E901C4321F400E6F2D8 /* Resources */ = {
			isa = PBXResourcesBuildPhase;
			buildActionMask = 2147483647;
			files = (
				1B0C7EA81C4321F400E6F2D8 /* LaunchScreen.storyboard in Resources */,
				1B0C7EA51C4321F400E6F2D8 /* Assets.xcassets in Resources */,
				1B0C7EA31C4321F400E6F2D8 /* Main.storyboard in Resources */,
			);
			runOnlyForDeploymentPostprocessing = 0;
		};
		1B0C7EAC1C4321F400E6F2D8 /* Resources */ = {
			isa = PBXResourcesBuildPhase;
			buildActionMask = 2147483647;
			files = (
			);
			runOnlyForDeploymentPostprocessing = 0;
		};
		1B0C7EB71C4321F400E6F2D8 /* Resources */ = {
			isa = PBXResourcesBuildPhase;
			buildActionMask = 2147483647;
			files = (
			);
			runOnlyForDeploymentPostprocessing = 0;
		};
/* End PBXResourcesBuildPhase section */

/* Begin PBXShellScriptBuildPhase section */
		11A0A6DA6F2EBCE0996949CD /* Check Pods Manifest.lock */ = {
			isa = PBXShellScriptBuildPhase;
			buildActionMask = 2147483647;
			files = (
			);
			inputPaths = (
			);
			name = "Check Pods Manifest.lock";
			outputPaths = (
			);
			runOnlyForDeploymentPostprocessing = 0;
			shellPath = /bin/sh;
			shellScript = "diff \"${PODS_ROOT}/../Podfile.lock\" \"${PODS_ROOT}/Manifest.lock\" > /dev/null\nif [[ $? != 0 ]] ; then\n    cat << EOM\nerror: The sandbox is not in sync with the Podfile.lock. Run 'pod install' or update your CocoaPods installation.\nEOM\n    exit 1\nfi\n";
			showEnvVarsInLog = 0;
		};
		7B3020EBD689B08FE1C5F78D /* Embed Pods Frameworks */ = {
			isa = PBXShellScriptBuildPhase;
			buildActionMask = 2147483647;
			files = (
			);
			inputPaths = (
			);
			name = "Embed Pods Frameworks";
			outputPaths = (
			);
			runOnlyForDeploymentPostprocessing = 0;
			shellPath = /bin/sh;
			shellScript = "\"${SRCROOT}/Pods/Target Support Files/Pods/Pods-frameworks.sh\"\n";
			showEnvVarsInLog = 0;
		};
		C7AB5F7AC7EBC7CAAA8E83C5 /* Copy Pods Resources */ = {
			isa = PBXShellScriptBuildPhase;
			buildActionMask = 2147483647;
			files = (
			);
			inputPaths = (
			);
			name = "Copy Pods Resources";
			outputPaths = (
			);
			runOnlyForDeploymentPostprocessing = 0;
			shellPath = /bin/sh;
			shellScript = "\"${SRCROOT}/Pods/Target Support Files/Pods/Pods-resources.sh\"\n";
			showEnvVarsInLog = 0;
		};
/* End PBXShellScriptBuildPhase section */

/* Begin PBXSourcesBuildPhase section */
		1B0C7E8E1C4321F400E6F2D8 /* Sources */ = {
			isa = PBXSourcesBuildPhase;
			buildActionMask = 2147483647;
			files = (
				1B0C7E9A1C4321F400E6F2D8 /* AppDelegate.m in Sources */,
				1B0C7E9D1C4321F400E6F2D8 /* MasterViewController.m in Sources */,
				1B0C7E971C4321F400E6F2D8 /* main.m in Sources */,
				1B0C7EA01C4321F400E6F2D8 /* DetailViewController.m in Sources */,
				1B0C7ED01C4327A200E6F2D8 /* BeaconManager.m in Sources */,
			);
			runOnlyForDeploymentPostprocessing = 0;
		};
		1B0C7EAA1C4321F400E6F2D8 /* Sources */ = {
			isa = PBXSourcesBuildPhase;
			buildActionMask = 2147483647;
			files = (
				1B0C7EB31C4321F400E6F2D8 /* homie_iosTests.m in Sources */,
			);
			runOnlyForDeploymentPostprocessing = 0;
		};
		1B0C7EB51C4321F400E6F2D8 /* Sources */ = {
			isa = PBXSourcesBuildPhase;
			buildActionMask = 2147483647;
			files = (
				1B0C7EBE1C4321F400E6F2D8 /* homie_iosUITests.m in Sources */,
			);
			runOnlyForDeploymentPostprocessing = 0;
		};
/* End PBXSourcesBuildPhase section */

/* Begin PBXTargetDependency section */
		1B0C7EB01C4321F400E6F2D8 /* PBXTargetDependency */ = {
			isa = PBXTargetDependency;
			target = 1B0C7E911C4321F400E6F2D8 /* homie-ios */;
			targetProxy = 1B0C7EAF1C4321F400E6F2D8 /* PBXContainerItemProxy */;
		};
		1B0C7EBB1C4321F400E6F2D8 /* PBXTargetDependency */ = {
			isa = PBXTargetDependency;
			target = 1B0C7E911C4321F400E6F2D8 /* homie-ios */;
			targetProxy = 1B0C7EBA1C4321F400E6F2D8 /* PBXContainerItemProxy */;
		};
/* End PBXTargetDependency section */

/* Begin PBXVariantGroup section */
		1B0C7EA11C4321F400E6F2D8 /* Main.storyboard */ = {
			isa = PBXVariantGroup;
			children = (
				1B0C7EA21C4321F400E6F2D8 /* Base */,
			);
			name = Main.storyboard;
			sourceTree = "<group>";
		};
		1B0C7EA61C4321F400E6F2D8 /* LaunchScreen.storyboard */ = {
			isa = PBXVariantGroup;
			children = (
				1B0C7EA71C4321F400E6F2D8 /* Base */,
			);
			name = LaunchScreen.storyboard;
			sourceTree = "<group>";
		};
/* End PBXVariantGroup section */

/* Begin XCBuildConfiguration section */
		1B0C7EC01C4321F400E6F2D8 /* Debug */ = {
			isa = XCBuildConfiguration;
			buildSettings = {
				ALWAYS_SEARCH_USER_PATHS = NO;
				CLANG_CXX_LANGUAGE_STANDARD = "gnu++0x";
				CLANG_CXX_LIBRARY = "libc++";
				CLANG_ENABLE_MODULES = YES;
				CLANG_ENABLE_OBJC_ARC = YES;
				CLANG_WARN_BOOL_CONVERSION = YES;
				CLANG_WARN_CONSTANT_CONVERSION = YES;
				CLANG_WARN_DIRECT_OBJC_ISA_USAGE = YES_ERROR;
				CLANG_WARN_EMPTY_BODY = YES;
				CLANG_WARN_ENUM_CONVERSION = YES;
				CLANG_WARN_INT_CONVERSION = YES;
				CLANG_WARN_OBJC_ROOT_CLASS = YES_ERROR;
				CLANG_WARN_UNREACHABLE_CODE = YES;
				CLANG_WARN__DUPLICATE_METHOD_MATCH = YES;
				"CODE_SIGN_IDENTITY[sdk=iphoneos*]" = "iPhone Developer";
				COPY_PHASE_STRIP = NO;
				DEBUG_INFORMATION_FORMAT = dwarf;
				ENABLE_STRICT_OBJC_MSGSEND = YES;
				ENABLE_TESTABILITY = YES;
				GCC_C_LANGUAGE_STANDARD = gnu99;
				GCC_DYNAMIC_NO_PIC = NO;
				GCC_NO_COMMON_BLOCKS = YES;
				GCC_OPTIMIZATION_LEVEL = 0;
				GCC_PREPROCESSOR_DEFINITIONS = (
					"DEBUG=1",
					"$(inherited)",
				);
				GCC_WARN_64_TO_32_BIT_CONVERSION = YES;
				GCC_WARN_ABOUT_RETURN_TYPE = YES_ERROR;
				GCC_WARN_UNDECLARED_SELECTOR = YES;
				GCC_WARN_UNINITIALIZED_AUTOS = YES_AGGRESSIVE;
				GCC_WARN_UNUSED_FUNCTION = YES;
				GCC_WARN_UNUSED_VARIABLE = YES;
				IPHONEOS_DEPLOYMENT_TARGET = 9.2;
				MTL_ENABLE_DEBUG_INFO = YES;
				ONLY_ACTIVE_ARCH = YES;
				SDKROOT = iphoneos;
				TARGETED_DEVICE_FAMILY = "1,2";
			};
			name = Debug;
		};
		1B0C7EC11C4321F400E6F2D8 /* Release */ = {
			isa = XCBuildConfiguration;
			buildSettings = {
				ALWAYS_SEARCH_USER_PATHS = NO;
				CLANG_CXX_LANGUAGE_STANDARD = "gnu++0x";
				CLANG_CXX_LIBRARY = "libc++";
				CLANG_ENABLE_MODULES = YES;
				CLANG_ENABLE_OBJC_ARC = YES;
				CLANG_WARN_BOOL_CONVERSION = YES;
				CLANG_WARN_CONSTANT_CONVERSION = YES;
				CLANG_WARN_DIRECT_OBJC_ISA_USAGE = YES_ERROR;
				CLANG_WARN_EMPTY_BODY = YES;
				CLANG_WARN_ENUM_CONVERSION = YES;
				CLANG_WARN_INT_CONVERSION = YES;
				CLANG_WARN_OBJC_ROOT_CLASS = YES_ERROR;
				CLANG_WARN_UNREACHABLE_CODE = YES;
				CLANG_WARN__DUPLICATE_METHOD_MATCH = YES;
				"CODE_SIGN_IDENTITY[sdk=iphoneos*]" = "iPhone Developer";
				COPY_PHASE_STRIP = NO;
				DEBUG_INFORMATION_FORMAT = "dwarf-with-dsym";
				ENABLE_NS_ASSERTIONS = NO;
				ENABLE_STRICT_OBJC_MSGSEND = YES;
				GCC_C_LANGUAGE_STANDARD = gnu99;
				GCC_NO_COMMON_BLOCKS = YES;
				GCC_WARN_64_TO_32_BIT_CONVERSION = YES;
				GCC_WARN_ABOUT_RETURN_TYPE = YES_ERROR;
				GCC_WARN_UNDECLARED_SELECTOR = YES;
				GCC_WARN_UNINITIALIZED_AUTOS = YES_AGGRESSIVE;
				GCC_WARN_UNUSED_FUNCTION = YES;
				GCC_WARN_UNUSED_VARIABLE = YES;
				IPHONEOS_DEPLOYMENT_TARGET = 9.2;
				MTL_ENABLE_DEBUG_INFO = NO;
				SDKROOT = iphoneos;
				TARGETED_DEVICE_FAMILY = "1,2";
				VALIDATE_PRODUCT = YES;
			};
			name = Release;
		};
		1B0C7EC31C4321F400E6F2D8 /* Debug */ = {
			isa = XCBuildConfiguration;
			baseConfigurationReference = 447DD3F52BD7FA5F0DCF7E49 /* Pods.debug.xcconfig */;
			buildSettings = {
				ASSETCATALOG_COMPILER_APPICON_NAME = AppIcon;
				CODE_SIGN_IDENTITY = "iPhone Developer";
				"CODE_SIGN_IDENTITY[sdk=iphoneos*]" = "iPhone Developer";
				INFOPLIST_FILE = "homie-ios/Info.plist";
				LD_RUNPATH_SEARCH_PATHS = "$(inherited) @executable_path/Frameworks";
				PRODUCT_BUNDLE_IDENTIFIER = "dtl.homie-ios";
				PRODUCT_NAME = "$(TARGET_NAME)";
				PROVISIONING_PROFILE = "";
			};
			name = Debug;
		};
		1B0C7EC41C4321F400E6F2D8 /* Release */ = {
			isa = XCBuildConfiguration;
			baseConfigurationReference = 134994230500856234578595 /* Pods.release.xcconfig */;
			buildSettings = {
				ASSETCATALOG_COMPILER_APPICON_NAME = AppIcon;
				CODE_SIGN_IDENTITY = "iPhone Developer";
				"CODE_SIGN_IDENTITY[sdk=iphoneos*]" = "iPhone Developer";
				INFOPLIST_FILE = "homie-ios/Info.plist";
				LD_RUNPATH_SEARCH_PATHS = "$(inherited) @executable_path/Frameworks";
				PRODUCT_BUNDLE_IDENTIFIER = "dtl.homie-ios";
				PRODUCT_NAME = "$(TARGET_NAME)";
				PROVISIONING_PROFILE = "";
			};
			name = Release;
		};
		1B0C7EC61C4321F400E6F2D8 /* Debug */ = {
			isa = XCBuildConfiguration;
			buildSettings = {
				BUNDLE_LOADER = "$(TEST_HOST)";
				INFOPLIST_FILE = "homie-iosTests/Info.plist";
				LD_RUNPATH_SEARCH_PATHS = "$(inherited) @executable_path/Frameworks @loader_path/Frameworks";
				PRODUCT_BUNDLE_IDENTIFIER = "dtl.homie-iosTests";
				PRODUCT_NAME = "$(TARGET_NAME)";
				TEST_HOST = "$(BUILT_PRODUCTS_DIR)/homie-ios.app/homie-ios";
			};
			name = Debug;
		};
		1B0C7EC71C4321F400E6F2D8 /* Release */ = {
			isa = XCBuildConfiguration;
			buildSettings = {
				BUNDLE_LOADER = "$(TEST_HOST)";
				INFOPLIST_FILE = "homie-iosTests/Info.plist";
				LD_RUNPATH_SEARCH_PATHS = "$(inherited) @executable_path/Frameworks @loader_path/Frameworks";
				PRODUCT_BUNDLE_IDENTIFIER = "dtl.homie-iosTests";
				PRODUCT_NAME = "$(TARGET_NAME)";
				TEST_HOST = "$(BUILT_PRODUCTS_DIR)/homie-ios.app/homie-ios";
			};
			name = Release;
		};
		1B0C7EC91C4321F400E6F2D8 /* Debug */ = {
			isa = XCBuildConfiguration;
			buildSettings = {
				INFOPLIST_FILE = "homie-iosUITests/Info.plist";
				LD_RUNPATH_SEARCH_PATHS = "$(inherited) @executable_path/Frameworks @loader_path/Frameworks";
				PRODUCT_BUNDLE_IDENTIFIER = "dtl.homie-iosUITests";
				PRODUCT_NAME = "$(TARGET_NAME)";
				TEST_TARGET_NAME = "homie-ios";
				USES_XCTRUNNER = YES;
			};
			name = Debug;
		};
		1B0C7ECA1C4321F400E6F2D8 /* Release */ = {
			isa = XCBuildConfiguration;
			buildSettings = {
				INFOPLIST_FILE = "homie-iosUITests/Info.plist";
				LD_RUNPATH_SEARCH_PATHS = "$(inherited) @executable_path/Frameworks @loader_path/Frameworks";
				PRODUCT_BUNDLE_IDENTIFIER = "dtl.homie-iosUITests";
				PRODUCT_NAME = "$(TARGET_NAME)";
				TEST_TARGET_NAME = "homie-ios";
				USES_XCTRUNNER = YES;
			};
			name = Release;
		};
/* End XCBuildConfiguration section */

/* Begin XCConfigurationList section */
		1B0C7E8D1C4321F400E6F2D8 /* Build configuration list for PBXProject "homie-ios" */ = {
			isa = XCConfigurationList;
			buildConfigurations = (
				1B0C7EC01C4321F400E6F2D8 /* Debug */,
				1B0C7EC11C4321F400E6F2D8 /* Release */,
			);
			defaultConfigurationIsVisible = 0;
			defaultConfigurationName = Release;
		};
		1B0C7EC21C4321F400E6F2D8 /* Build configuration list for PBXNativeTarget "homie-ios" */ = {
			isa = XCConfigurationList;
			buildConfigurations = (
				1B0C7EC31C4321F400E6F2D8 /* Debug */,
				1B0C7EC41C4321F400E6F2D8 /* Release */,
			);
			defaultConfigurationIsVisible = 0;
			defaultConfigurationName = Release;
		};
		1B0C7EC51C4321F400E6F2D8 /* Build configuration list for PBXNativeTarget "homie-iosTests" */ = {
			isa = XCConfigurationList;
			buildConfigurations = (
				1B0C7EC61C4321F400E6F2D8 /* Debug */,
				1B0C7EC71C4321F400E6F2D8 /* Release */,
			);
			defaultConfigurationIsVisible = 0;
			defaultConfigurationName = Release;
		};
		1B0C7EC81C4321F400E6F2D8 /* Build configuration list for PBXNativeTarget "homie-iosUITests" */ = {
			isa = XCConfigurationList;
			buildConfigurations = (
				1B0C7EC91C4321F400E6F2D8 /* Debug */,
				1B0C7ECA1C4321F400E6F2D8 /* Release */,
			);
			defaultConfigurationIsVisible = 0;
			defaultConfigurationName = Release;
		};
/* End XCConfigurationList section */
	};
	rootObject = 1B0C7E8A1C4321F400E6F2D8 /* Project object */;
}
